
Microsoft Visual Studio Solution File, Format Version 12.00
# Visual Studio 15
VisualStudioVersion = 15.0.28307.271
MinimumVisualStudioVersion = 10.0.40219.1
Project("{FAE04EC0-301F-11D3-BF4B-00C04F79EFBC}") = "CleanCode", "CleanCode\CleanCode.csproj", "{BCBF5E31-2821-4034-9829-7307EA8240AB}"
EndProject
Global
	GlobalSection(SolutionConfigurationPlatforms) = preSolution
		Debug|Any CPU = Debug|Any CPU
		Release|Any CPU = Release|Any CPU
	EndGlobalSection
	GlobalSection(ProjectConfigurationPlatforms) = postSolution
		{BCBF5E31-2821-4034-9829-7307EA8240AB}.Debug|Any CPU.ActiveCfg = Debug|Any CPU
		{BCBF5E31-2821-4034-9829-7307EA8240AB}.Debug|Any CPU.Build.0 = Debug|Any CPU
		{BCBF5E31-2821-4034-9829-7307EA8240AB}.Release|Any CPU.ActiveCfg = Release|Any CPU
		{BCBF5E31-2821-4034-9829-7307EA8240AB}.Release|Any CPU.Build.0 = Release|Any CPU
	EndGlobalSection
	GlobalSection(SolutionProperties) = preSolution
		HideSolutionNode = FALSE
	EndGlobalSection
	GlobalSection(ExtensibilityGlobals) = postSolution
		SolutionGuid = {F65094C6-762C-446E-82BC-6A106DE118FE}
	EndGlobalSection
EndGlobal
